// !$*UTF8*$!
{
	archiveVersion = 1;
	classes = {
	};
	objectVersion = 51;
	objects = {

/* Begin PBXBuildFile section */
		3026DDEAA10E3A12BBF92D8A /* Pods_ClimaAPP.framework in Frameworks */ = {isa = PBXBuildFile; fileRef = 561CB4BA8A5CBAC23A1CA1C9 /* Pods_ClimaAPP.framework */; };
		F81BFBC026730AD100748BC0 /* AppDelegate.swift in Sources */ = {isa = PBXBuildFile; fileRef = F81BFBBF26730AD100748BC0 /* AppDelegate.swift */; };
		F81BFBC226730AD100748BC0 /* SceneDelegate.swift in Sources */ = {isa = PBXBuildFile; fileRef = F81BFBC126730AD100748BC0 /* SceneDelegate.swift */; };
		F81BFBC726730AD100748BC0 /* Main.storyboard in Resources */ = {isa = PBXBuildFile; fileRef = F81BFBC526730AD100748BC0 /* Main.storyboard */; };
		F81BFBC926730AD400748BC0 /* Assets.xcassets in Resources */ = {isa = PBXBuildFile; fileRef = F81BFBC826730AD400748BC0 /* Assets.xcassets */; };
		F81BFBCC26730AD400748BC0 /* LaunchScreen.storyboard in Resources */ = {isa = PBXBuildFile; fileRef = F81BFBCA26730AD400748BC0 /* LaunchScreen.storyboard */; };
/* End PBXBuildFile section */

/* Begin PBXFileReference section */
		561CB4BA8A5CBAC23A1CA1C9 /* Pods_ClimaAPP.framework */ = {isa = PBXFileReference; explicitFileType = wrapper.framework; includeInIndex = 0; path = Pods_ClimaAPP.framework; sourceTree = BUILT_PRODUCTS_DIR; };
		AE9D0F31C4B55472BDCD92C5 /* Pods-ClimaAPP.release.xcconfig */ = {isa = PBXFileReference; includeInIndex = 1; lastKnownFileType = text.xcconfig; name = "Pods-ClimaAPP.release.xcconfig"; path = "Target Support Files/Pods-ClimaAPP/Pods-ClimaAPP.release.xcconfig"; sourceTree = "<group>"; };
		E3DBFA0BDAA493239C6BCC79 /* Pods-ClimaAPP.debug.xcconfig */ = {isa = PBXFileReference; includeInIndex = 1; lastKnownFileType = text.xcconfig; name = "Pods-ClimaAPP.debug.xcconfig"; path = "Target Support Files/Pods-ClimaAPP/Pods-ClimaAPP.debug.xcconfig"; sourceTree = "<group>"; };
		F81BFBBC26730AD100748BC0 /* ClimaAPP.app */ = {isa = PBXFileReference; explicitFileType = wrapper.application; includeInIndex = 0; path = ClimaAPP.app; sourceTree = BUILT_PRODUCTS_DIR; };
		F81BFBBF26730AD100748BC0 /* AppDelegate.swift */ = {isa = PBXFileReference; lastKnownFileType = sourcecode.swift; path = AppDelegate.swift; sourceTree = "<group>"; };
		F81BFBC126730AD100748BC0 /* SceneDelegate.swift */ = {isa = PBXFileReference; lastKnownFileType = sourcecode.swift; path = SceneDelegate.swift; sourceTree = "<group>"; };
		F81BFBC626730AD100748BC0 /* Base */ = {isa = PBXFileReference; lastKnownFileType = file.storyboard; name = Base; path = Base.lproj/Main.storyboard; sourceTree = "<group>"; };
		F81BFBC826730AD400748BC0 /* Assets.xcassets */ = {isa = PBXFileReference; lastKnownFileType = folder.assetcatalog; path = Assets.xcassets; sourceTree = "<group>"; };
		F81BFBCB26730AD400748BC0 /* Base */ = {isa = PBXFileReference; lastKnownFileType = file.storyboard; name = Base; path = Base.lproj/LaunchScreen.storyboard; sourceTree = "<group>"; };
		F81BFBCD26730AD400748BC0 /* Info.plist */ = {isa = PBXFileReference; lastKnownFileType = text.plist.xml; path = Info.plist; sourceTree = "<group>"; };
/* End PBXFileReference section */

/* Begin PBXFrameworksBuildPhase section */
		F81BFBB926730AD100748BC0 /* Frameworks */ = {
			isa = PBXFrameworksBuildPhase;
			buildActionMask = 2147483647;
			files = (
				3026DDEAA10E3A12BBF92D8A /* Pods_ClimaAPP.framework in Frameworks */,
			);
			runOnlyForDeploymentPostprocessing = 0;
		};
/* End PBXFrameworksBuildPhase section */

/* Begin PBXGroup section */
		0BA4CC0B6BD45E257C5283E2 /* Pods */ = {
			isa = PBXGroup;
			children = (
				E3DBFA0BDAA493239C6BCC79 /* Pods-ClimaAPP.debug.xcconfig */,
				AE9D0F31C4B55472BDCD92C5 /* Pods-ClimaAPP.release.xcconfig */,
			);
			path = Pods;
			sourceTree = "<group>";
		};
		56B51E74FB35C80B84578B8C /* Frameworks */ = {
			isa = PBXGroup;
			children = (
				561CB4BA8A5CBAC23A1CA1C9 /* Pods_ClimaAPP.framework */,
			);
			name = Frameworks;
			sourceTree = "<group>";
		};
		F81BFBB326730AD100748BC0 = {
			isa = PBXGroup;
			children = (
				F81BFBBE26730AD100748BC0 /* ClimaAPP */,
				F81BFBBD26730AD100748BC0 /* Products */,
				0BA4CC0B6BD45E257C5283E2 /* Pods */,
				56B51E74FB35C80B84578B8C /* Frameworks */,
			);
			sourceTree = "<group>";
		};
		F81BFBBD26730AD100748BC0 /* Products */ = {
			isa = PBXGroup;
			children = (
				F81BFBBC26730AD100748BC0 /* ClimaAPP.app */,
			);
			name = Products;
			sourceTree = "<group>";
		};
		F81BFBBE26730AD100748BC0 /* ClimaAPP */ = {
			isa = PBXGroup;
			children = (
				F8A482D22673138100B1D058 /* View */,
				F8A482D32673138C00B1D058 /* Model */,
				F8A482D42673139500B1D058 /* Controller */,
				F8A482D6267313DB00B1D058 /* SuportingFiles */,
				F81BFBC826730AD400748BC0 /* Assets.xcassets */,
				F81BFBCA26730AD400748BC0 /* LaunchScreen.storyboard */,
			);
			path = ClimaAPP;
			sourceTree = "<group>";
		};
		F8A482D22673138100B1D058 /* View */ = {
			isa = PBXGroup;
			children = (
				F81BFBC526730AD100748BC0 /* Main.storyboard */,
			);
			path = View;
			sourceTree = "<group>";
		};
		F8A482D32673138C00B1D058 /* Model */ = {
			isa = PBXGroup;
			children = (
			);
			path = Model;
			sourceTree = "<group>";
		};
		F8A482D42673139500B1D058 /* Controller */ = {
			isa = PBXGroup;
			children = (
				F81BFBC126730AD100748BC0 /* SceneDelegate.swift */,
				F81BFBBF26730AD100748BC0 /* AppDelegate.swift */,
			);
			path = Controller;
			sourceTree = "<group>";
		};
		F8A482D6267313DB00B1D058 /* SuportingFiles */ = {
			isa = PBXGroup;
			children = (
				F81BFBCD26730AD400748BC0 /* Info.plist */,
			);
			path = SuportingFiles;
			sourceTree = "<group>";
		};
/* End PBXGroup section */

/* Begin PBXNativeTarget section */
		F81BFBBB26730AD100748BC0 /* ClimaAPP */ = {
			isa = PBXNativeTarget;
			buildConfigurationList = F81BFBD026730AD400748BC0 /* Build configuration list for PBXNativeTarget "ClimaAPP" */;
			buildPhases = (
				25BC7D47822435FCA67D616A /* [CP] Check Pods Manifest.lock */,
				F81BFBB826730AD100748BC0 /* Sources */,
				F81BFBB926730AD100748BC0 /* Frameworks */,
				F81BFBBA26730AD100748BC0 /* Resources */,
				7D578D65D58CF62735AD5EA3 /* [CP] Embed Pods Frameworks */,
			);
			buildRules = (
			);
			dependencies = (
			);
			name = ClimaAPP;
			productName = ClimaAPP;
			productReference = F81BFBBC26730AD100748BC0 /* ClimaAPP.app */;
			productType = "com.apple.product-type.application";
		};
/* End PBXNativeTarget section */

/* Begin PBXProject section */
		F81BFBB426730AD100748BC0 /* Project object */ = {
			isa = PBXProject;
			attributes = {
				LastSwiftUpdateCheck = 1220;
				LastUpgradeCheck = 1220;
				TargetAttributes = {
					F81BFBBB26730AD100748BC0 = {
						CreatedOnToolsVersion = 12.2;
					};
				};
			};
			buildConfigurationList = F81BFBB726730AD100748BC0 /* Build configuration list for PBXProject "ClimaAPP" */;
			compatibilityVersion = "Xcode 9.3";
			developmentRegion = en;
			hasScannedForEncodings = 0;
			knownRegions = (
				en,
				Base,
			);
			mainGroup = F81BFBB326730AD100748BC0;
			productRefGroup = F81BFBBD26730AD100748BC0 /* Products */;
			projectDirPath = "";
			projectRoot = "";
			targets = (
				F81BFBBB26730AD100748BC0 /* ClimaAPP */,
			);
		};
/* End PBXProject section */

/* Begin PBXResourcesBuildPhase section */
		F81BFBBA26730AD100748BC0 /* Resources */ = {
			isa = PBXResourcesBuildPhase;
			buildActionMask = 2147483647;
			files = (
				F81BFBCC26730AD400748BC0 /* LaunchScreen.storyboard in Resources */,
				F81BFBC926730AD400748BC0 /* Assets.xcassets in Resources */,
				F81BFBC726730AD100748BC0 /* Main.storyboard in Resources */,
			);
			runOnlyForDeploymentPostprocessing = 0;
		};
/* End PBXResourcesBuildPhase section */

/* Begin PBXShellScriptBuildPhase section */
		25BC7D47822435FCA67D616A /* [CP] Check Pods Manifest.lock */ = {
			isa = PBXShellScriptBuildPhase;
			buildActionMask = 2147483647;
			files = (
			);
			inputFileListPaths = (
			);
			inputPaths = (
				"${PODS_PODFILE_DIR_PATH}/Podfile.lock",
				"${PODS_ROOT}/Manifest.lock",
			);
			name = "[CP] Check Pods Manifest.lock";
			outputFileListPaths = (
			);
			outputPaths = (
				"$(DERIVED_FILE_DIR)/Pods-ClimaAPP-checkManifestLockResult.txt",
			);
			runOnlyForDeploymentPostprocessing = 0;
			shellPath = /bin/sh;
			shellScript = "diff \"${PODS_PODFILE_DIR_PATH}/Podfile.lock\" \"${PODS_ROOT}/Manifest.lock\" > /dev/null\nif [ $? != 0 ] ; then\n    # print error to STDERR\n    echo \"error: The sandbox is not in sync with the Podfile.lock. Run 'pod install' or update your CocoaPods installation.\" >&2\n    exit 1\nfi\n# This output is used by Xcode 'outputs' to avoid re-running this script phase.\necho \"SUCCESS\" > \"${SCRIPT_OUTPUT_FILE_0}\"\n";
			showEnvVarsInLog = 0;
		};
		7D578D65D58CF62735AD5EA3 /* [CP] Embed Pods Frameworks */ = {
			isa = PBXShellScriptBuildPhase;
			buildActionMask = 2147483647;
			files = (
			);
			inputFileListPaths = (
				"${PODS_ROOT}/Target Support Files/Pods-ClimaAPP/Pods-ClimaAPP-frameworks-${CONFIGURATION}-input-files.xcfilelist",
			);
			name = "[CP] Embed Pods Frameworks";
			outputFileListPaths = (
				"${PODS_ROOT}/Target Support Files/Pods-ClimaAPP/Pods-ClimaAPP-frameworks-${CONFIGURATION}-output-files.xcfilelist",
			);
			runOnlyForDeploymentPostprocessing = 0;
			shellPath = /bin/sh;
			shellScript = "\"${PODS_ROOT}/Target Support Files/Pods-ClimaAPP/Pods-ClimaAPP-frameworks.sh\"\n";
			showEnvVarsInLog = 0;
		};
/* End PBXShellScriptBuildPhase section */

/* Begin PBXSourcesBuildPhase section */
		F81BFBB826730AD100748BC0 /* Sources */ = {
			isa = PBXSourcesBuildPhase;
			buildActionMask = 2147483647;
			files = (
				F81BFBC026730AD100748BC0 /* AppDelegate.swift in Sources */,
				F81BFBC226730AD100748BC0 /* SceneDelegate.swift in Sources */,
			);
			runOnlyForDeploymentPostprocessing = 0;
		};
/* End PBXSourcesBuildPhase section */

/* Begin PBXVariantGroup section */
		F81BFBC526730AD100748BC0 /* Main.storyboard */ = {
			isa = PBXVariantGroup;
			children = (
				F81BFBC626730AD100748BC0 /* Base */,
			);
			name = Main.storyboard;
			sourceTree = "<group>";
		};
		F81BFBCA26730AD400748BC0 /* LaunchScreen.storyboard */ = {
			isa = PBXVariantGroup;
			children = (
				F81BFBCB26730AD400748BC0 /* Base */,
			);
			name = LaunchScreen.storyboard;
			sourceTree = "<group>";
		};
/* End PBXVariantGroup section */

/* Begin XCBuildConfiguration section */
		F81BFBCE26730AD400748BC0 /* Debug */ = {
			isa = XCBuildConfiguration;
			buildSettings = {
				ALWAYS_SEARCH_USER_PATHS = NO;
				CLANG_ANALYZER_NONNULL = YES;
				CLANG_ANALYZER_NUMBER_OBJECT_CONVERSION = YES_AGGRESSIVE;
				CLANG_CXX_LANGUAGE_STANDARD = "gnu++14";
				CLANG_CXX_LIBRARY = "libc++";
				CLANG_ENABLE_MODULES = YES;
				CLANG_ENABLE_OBJC_ARC = YES;
				CLANG_ENABLE_OBJC_WEAK = YES;
				CLANG_WARN_BLOCK_CAPTURE_AUTORELEASING = YES;
				CLANG_WARN_BOOL_CONVERSION = YES;
				CLANG_WARN_COMMA = YES;
				CLANG_WARN_CONSTANT_CONVERSION = YES;
				CLANG_WARN_DEPRECATED_OBJC_IMPLEMENTATIONS = YES;
				CLANG_WARN_DIRECT_OBJC_ISA_USAGE = YES_ERROR;
				CLANG_WARN_DOCUMENTATION_COMMENTS = YES;
				CLANG_WARN_EMPTY_BODY = YES;
				CLANG_WARN_ENUM_CONVERSION = YES;
				CLANG_WARN_INFINITE_RECURSION = YES;
				CLANG_WARN_INT_CONVERSION = YES;
				CLANG_WARN_NON_LITERAL_NULL_CONVERSION = YES;
				CLANG_WARN_OBJC_IMPLICIT_RETAIN_SELF = YES;
				CLANG_WARN_OBJC_LITERAL_CONVERSION = YES;
				CLANG_WARN_OBJC_ROOT_CLASS = YES_ERROR;
				CLANG_WARN_QUOTED_INCLUDE_IN_FRAMEWORK_HEADER = YES;
				CLANG_WARN_RANGE_LOOP_ANALYSIS = YES;
				CLANG_WARN_STRICT_PROTOTYPES = YES;
				CLANG_WARN_SUSPICIOUS_MOVE = YES;
				CLANG_WARN_UNGUARDED_AVAILABILITY = YES_AGGRESSIVE;
				CLANG_WARN_UNREACHABLE_CODE = YES;
				CLANG_WARN__DUPLICATE_METHOD_MATCH = YES;
				COPY_PHASE_STRIP = NO;
				DEBUG_INFORMATION_FORMAT = dwarf;
				ENABLE_STRICT_OBJC_MSGSEND = YES;
				ENABLE_TESTABILITY = YES;
				GCC_C_LANGUAGE_STANDARD = gnu11;
				GCC_DYNAMIC_NO_PIC = NO;
				GCC_NO_COMMON_BLOCKS = YES;
				GCC_OPTIMIZATION_LEVEL = 0;
				GCC_PREPROCESSOR_DEFINITIONS = (
					"DEBUG=1",
					"$(inherited)",
				);
				GCC_WARN_64_TO_32_BIT_CONVERSION = YES;
				GCC_WARN_ABOUT_RETURN_TYPE = YES_ERROR;
				GCC_WARN_UNDECLARED_SELECTOR = YES;
				GCC_WARN_UNINITIALIZED_AUTOS = YES_AGGRESSIVE;
				GCC_WARN_UNUSED_FUNCTION = YES;
				GCC_WARN_UNUSED_VARIABLE = YES;
				IPHONEOS_DEPLOYMENT_TARGET = 14.2;
				MTL_ENABLE_DEBUG_INFO = INCLUDE_SOURCE;
				MTL_FAST_MATH = YES;
				ONLY_ACTIVE_ARCH = YES;
				SDKROOT = iphoneos;
				SWIFT_ACTIVE_COMPILATION_CONDITIONS = DEBUG;
				SWIFT_OPTIMIZATION_LEVEL = "-Onone";
			};
			name = Debug;
		};
		F81BFBCF26730AD400748BC0 /* Release */ = {
			isa = XCBuildConfiguration;
			buildSettings = {
				ALWAYS_SEARCH_USER_PATHS = NO;
				CLANG_ANALYZER_NONNULL = YES;
				CLANG_ANALYZER_NUMBER_OBJECT_CONVERSION = YES_AGGRESSIVE;
				CLANG_CXX_LANGUAGE_STANDARD = "gnu++14";
				CLANG_CXX_LIBRARY = "libc++";
				CLANG_ENABLE_MODULES = YES;
				CLANG_ENABLE_OBJC_ARC = YES;
				CLANG_ENABLE_OBJC_WEAK = YES;
				CLANG_WARN_BLOCK_CAPTURE_AUTORELEASING = YES;
				CLANG_WARN_BOOL_CONVERSION = YES;
				CLANG_WARN_COMMA = YES;
				CLANG_WARN_CONSTANT_CONVERSION = YES;
				CLANG_WARN_DEPRECATED_OBJC_IMPLEMENTATIONS = YES;
				CLANG_WARN_DIRECT_OBJC_ISA_USAGE = YES_ERROR;
				CLANG_WARN_DOCUMENTATION_COMMENTS = YES;
				CLANG_WARN_EMPTY_BODY = YES;
				CLANG_WARN_ENUM_CONVERSION = YES;
				CLANG_WARN_INFINITE_RECURSION = YES;
				CLANG_WARN_INT_CONVERSION = YES;
				CLANG_WARN_NON_LITERAL_NULL_CONVERSION = YES;
				CLANG_WARN_OBJC_IMPLICIT_RETAIN_SELF = YES;
				CLANG_WARN_OBJC_LITERAL_CONVERSION = YES;
				CLANG_WARN_OBJC_ROOT_CLASS = YES_ERROR;
				CLANG_WARN_QUOTED_INCLUDE_IN_FRAMEWORK_HEADER = YES;
				CLANG_WARN_RANGE_LOOP_ANALYSIS = YES;
				CLANG_WARN_STRICT_PROTOTYPES = YES;
				CLANG_WARN_SUSPICIOUS_MOVE = YES;
				CLANG_WARN_UNGUARDED_AVAILABILITY = YES_AGGRESSIVE;
				CLANG_WARN_UNREACHABLE_CODE = YES;
				CLANG_WARN__DUPLICATE_METHOD_MATCH = YES;
				COPY_PHASE_STRIP = NO;
				DEBUG_INFORMATION_FORMAT = "dwarf-with-dsym";
				ENABLE_NS_ASSERTIONS = NO;
				ENABLE_STRICT_OBJC_MSGSEND = YES;
				GCC_C_LANGUAGE_STANDARD = gnu11;
				GCC_NO_COMMON_BLOCKS = YES;
				GCC_WARN_64_TO_32_BIT_CONVERSION = YES;
				GCC_WARN_ABOUT_RETURN_TYPE = YES_ERROR;
				GCC_WARN_UNDECLARED_SELECTOR = YES;
				GCC_WARN_UNINITIALIZED_AUTOS = YES_AGGRESSIVE;
				GCC_WARN_UNUSED_FUNCTION = YES;
				GCC_WARN_UNUSED_VARIABLE = YES;
				IPHONEOS_DEPLOYMENT_TARGET = 14.2;
				MTL_ENABLE_DEBUG_INFO = NO;
				MTL_FAST_MATH = YES;
				SDKROOT = iphoneos;
				SWIFT_COMPILATION_MODE = wholemodule;
				SWIFT_OPTIMIZATION_LEVEL = "-O";
				VALIDATE_PRODUCT = YES;
			};
			name = Release;
		};
		F81BFBD126730AD400748BC0 /* Debug */ = {
			isa = XCBuildConfiguration;
			baseConfigurationReference = E3DBFA0BDAA493239C6BCC79 /* Pods-ClimaAPP.debug.xcconfig */;
			buildSettings = {
				ASSETCATALOG_COMPILER_APPICON_NAME = AppIcon;
				ASSETCATALOG_COMPILER_GLOBAL_ACCENT_COLOR_NAME = AccentColor;
				CODE_SIGN_STYLE = Automatic;
				DEVELOPMENT_TEAM = CW258F53ZA;
				INFOPLIST_FILE = ClimaAPP/Info.plist;
				LD_RUNPATH_SEARCH_PATHS = (
					"$(inherited)",
					"@executable_path/Frameworks",
				);
				PRODUCT_BUNDLE_IDENTIFIER = sme.Angeles.ClimaAPP;
				PRODUCT_NAME = "$(TARGET_NAME)";
				SWIFT_VERSION = 5.0;
				TARGETED_DEVICE_FAMILY = "1,2";
			};
			name = Debug;
		};
		F81BFBD226730AD400748BC0 /* Release */ = {
			isa = XCBuildConfiguration;
			baseConfigurationReference = AE9D0F31C4B55472BDCD92C5 /* Pods-ClimaAPP.release.xcconfig */;
			buildSettings = {
				ASSETCATALOG_COMPILER_APPICON_NAME = AppIcon;
				ASSETCATALOG_COMPILER_GLOBAL_ACCENT_COLOR_NAME = AccentColor;
				CODE_SIGN_STYLE = Automatic;
				DEVELOPMENT_TEAM = CW258F53ZA;
				INFOPLIST_FILE = ClimaAPP/Info.plist;
				LD_RUNPATH_SEARCH_PATHS = (
					"$(inherited)",
					"@executable_path/Frameworks",
				);
				PRODUCT_BUNDLE_IDENTIFIER = sme.Angeles.ClimaAPP;
				PRODUCT_NAME = "$(TARGET_NAME)";
				SWIFT_VERSION = 5.0;
				TARGETED_DEVICE_FAMILY = "1,2";
			};
			name = Release;
		};
/* End XCBuildConfiguration section */

/* Begin XCConfigurationList section */
		F81BFBB726730AD100748BC0 /* Build configuration list for PBXProject "ClimaAPP" */ = {
			isa = XCConfigurationList;
			buildConfigurations = (
				F81BFBCE26730AD400748BC0 /* Debug */,
				F81BFBCF26730AD400748BC0 /* Release */,
			);
			defaultConfigurationIsVisible = 0;
			defaultConfigurationName = Release;
		};
		F81BFBD026730AD400748BC0 /* Build configuration list for PBXNativeTarget "ClimaAPP" */ = {
			isa = XCConfigurationList;
			buildConfigurations = (
				F81BFBD126730AD400748BC0 /* Debug */,
				F81BFBD226730AD400748BC0 /* Release */,
			);
			defaultConfigurationIsVisible = 0;
			defaultConfigurationName = Release;
		};
/* End XCConfigurationList section */
	};
	rootObject = F81BFBB426730AD100748BC0 /* Project object */;
}
